PODS:
  - app_life (0.0.1):
    - Flutter
  - Flutter (1.0.0)

DEPENDENCIES:
  - app_life (from `.symlinks/plugins/app_life/ios`)
  - Flutter (from `Flutter`)

EXTERNAL SOURCES:
  app_life:
    :path: ".symlinks/plugins/app_life/ios"
  Flutter:
    :path: Flutter

SPEC CHECKSUMS:
  app_life: 5372385f5b4e82365cb2b1939461783a55ac41da
  Flutter: 50d75fe2f02b26cc09d224853bb45737f8b3214a

PODFILE CHECKSUM: 8e679eca47255a8ca8067c4c67aab20e64cb974d

COCOAPODS: 1.11.3
